PODS:
  - ChatSecure-Push-iOS (1.0)
  - SOCKit (1.1)
  - URLMock (1.3.2):
    - URLMock/Core (= 1.3.2)
    - URLMock/SubclassResponsibility (= 1.3.2)
    - URLMock/TestHelpers (= 1.3.2)
  - URLMock/Core (1.3.2):
    - SOCKit (~> 1.1)
  - URLMock/SubclassResponsibility (1.3.2):
    - URLMock/TestHelpers
  - URLMock/TestHelpers (1.3.2)

DEPENDENCIES:
  - ChatSecure-Push-iOS (from `../ChatSecure-Push-iOS.podspec`)
  - URLMock (~> 1.3)

EXTERNAL SOURCES:
  ChatSecure-Push-iOS:
    :path: ../ChatSecure-Push-iOS.podspec

SPEC CHECKSUMS:
  ChatSecure-Push-iOS: 8e336b0f94f80fae22e734e592c14de6ecf8d091
  SOCKit: c7376ac262bea9115b8f749358f762522a47d392
  URLMock: b30768166d971bfc696e890951663f69201c3cf7

PODFILE CHECKSUM: ee06760149eaff694575a1d0a085929bf9ec1bbc

COCOAPODS: 1.2.0
