// !$*UTF8*$!
{
	archiveVersion = 1;
	classes = {
	};
	objectVersion = 46;
	objects = {

/* Begin PBXBuildFile section */
		1D4733280727E079624C37B8 /* Pods_ChatSecurePushExample.framework in Frameworks */ = {isa = PBXBuildFile; fileRef = A65AB8FFC01D302231BE3B43 /* Pods_ChatSecurePushExample.framework */; };
		637BAEBA1B5ED006007CC92A /* AccountDetailViewController.swift in Sources */ = {isa = PBXBuildFile; fileRef = 637BAEB91B5ED005007CC92A /* AccountDetailViewController.swift */; };
		638C25301B4C43D600AB62CB /* AppDelegate.swift in Sources */ = {isa = PBXBuildFile; fileRef = 638C252F1B4C43D600AB62CB /* AppDelegate.swift */; };
		638C25321B4C43D600AB62CB /* ViewController.swift in Sources */ = {isa = PBXBuildFile; fileRef = 638C25311B4C43D600AB62CB /* ViewController.swift */; };
		638C25351B4C43D600AB62CB /* Main.storyboard in Resources */ = {isa = PBXBuildFile; fileRef = 638C25331B4C43D600AB62CB /* Main.storyboard */; };
		638C25371B4C43D600AB62CB /* Images.xcassets in Resources */ = {isa = PBXBuildFile; fileRef = 638C25361B4C43D600AB62CB /* Images.xcassets */; };
		638C253A1B4C43D600AB62CB /* LaunchScreen.xib in Resources */ = {isa = PBXBuildFile; fileRef = 638C25381B4C43D600AB62CB /* LaunchScreen.xib */; };
		638C25461B4C43D600AB62CB /* ChatSecurePushExampleTests.swift in Sources */ = {isa = PBXBuildFile; fileRef = 638C25451B4C43D600AB62CB /* ChatSecurePushExampleTests.swift */; };
		638C255C1B4C7BB300AB62CB /* URLMockSetup.swift in Sources */ = {isa = PBXBuildFile; fileRef = 638C255B1B4C7BB300AB62CB /* URLMockSetup.swift */; };
		63F6DBE11B97AF6E0079E295 /* TestObjects.swift in Sources */ = {isa = PBXBuildFile; fileRef = 63F6DBE01B97AF6E0079E295 /* TestObjects.swift */; };
		E3AC63CFEE60D4886E082B2D /* Pods_ChatSecurePushExampleTests.framework in Frameworks */ = {isa = PBXBuildFile; fileRef = 9CC6F167DC8136D21C3A7EE9 /* Pods_ChatSecurePushExampleTests.framework */; };
/* End PBXBuildFile section */

/* Begin PBXContainerItemProxy section */
		638C25401B4C43D600AB62CB /* PBXContainerItemProxy */ = {
			isa = PBXContainerItemProxy;
			containerPortal = 638C25221B4C43D600AB62CB /* Project object */;
			proxyType = 1;
			remoteGlobalIDString = 638C25291B4C43D600AB62CB;
			remoteInfo = ChatSecurePushExample;
		};
/* End PBXContainerItemProxy section */

/* Begin PBXFileReference section */
		1E518B8D8689CA093E280953 /* Pods-ChatSecurePushExample.debug.xcconfig */ = {isa = PBXFileReference; includeInIndex = 1; lastKnownFileType = text.xcconfig; name = "Pods-ChatSecurePushExample.debug.xcconfig"; path = "Pods/Target Support Files/Pods-ChatSecurePushExample/Pods-ChatSecurePushExample.debug.xcconfig"; sourceTree = "<group>"; };
		637BAEB91B5ED005007CC92A /* AccountDetailViewController.swift */ = {isa = PBXFileReference; fileEncoding = 4; lastKnownFileType = sourcecode.swift; path = AccountDetailViewController.swift; sourceTree = "<group>"; };
		638C252A1B4C43D600AB62CB /* ChatSecurePushExample.app */ = {isa = PBXFileReference; explicitFileType = wrapper.application; includeInIndex = 0; path = ChatSecurePushExample.app; sourceTree = BUILT_PRODUCTS_DIR; };
		638C252E1B4C43D600AB62CB /* Info.plist */ = {isa = PBXFileReference; lastKnownFileType = text.plist.xml; path = Info.plist; sourceTree = "<group>"; };
		638C252F1B4C43D600AB62CB /* AppDelegate.swift */ = {isa = PBXFileReference; lastKnownFileType = sourcecode.swift; path = AppDelegate.swift; sourceTree = "<group>"; };
		638C25311B4C43D600AB62CB /* ViewController.swift */ = {isa = PBXFileReference; lastKnownFileType = sourcecode.swift; path = ViewController.swift; sourceTree = "<group>"; };
		638C25341B4C43D600AB62CB /* Base */ = {isa = PBXFileReference; lastKnownFileType = file.storyboard; name = Base; path = Base.lproj/Main.storyboard; sourceTree = "<group>"; };
		638C25361B4C43D600AB62CB /* Images.xcassets */ = {isa = PBXFileReference; lastKnownFileType = folder.assetcatalog; path = Images.xcassets; sourceTree = "<group>"; };
		638C25391B4C43D600AB62CB /* Base */ = {isa = PBXFileReference; lastKnownFileType = file.xib; name = Base; path = Base.lproj/LaunchScreen.xib; sourceTree = "<group>"; };
		638C253F1B4C43D600AB62CB /* ChatSecurePushExampleTests.xctest */ = {isa = PBXFileReference; explicitFileType = wrapper.cfbundle; includeInIndex = 0; path = ChatSecurePushExampleTests.xctest; sourceTree = BUILT_PRODUCTS_DIR; };
		638C25441B4C43D600AB62CB /* Info.plist */ = {isa = PBXFileReference; lastKnownFileType = text.plist.xml; path = Info.plist; sourceTree = "<group>"; };
		638C25451B4C43D600AB62CB /* ChatSecurePushExampleTests.swift */ = {isa = PBXFileReference; lastKnownFileType = sourcecode.swift; path = ChatSecurePushExampleTests.swift; sourceTree = "<group>"; };
		638C255A1B4C771000AB62CB /* ChatSecurePushExampleTests-header.h */ = {isa = PBXFileReference; lastKnownFileType = sourcecode.c.h; path = "ChatSecurePushExampleTests-header.h"; sourceTree = "<group>"; };
		638C255B1B4C7BB300AB62CB /* URLMockSetup.swift */ = {isa = PBXFileReference; fileEncoding = 4; lastKnownFileType = sourcecode.swift; path = URLMockSetup.swift; sourceTree = "<group>"; };
		63F6DBE01B97AF6E0079E295 /* TestObjects.swift */ = {isa = PBXFileReference; fileEncoding = 4; lastKnownFileType = sourcecode.swift; path = TestObjects.swift; sourceTree = "<group>"; };
		985A1CBBB5BE48DD94C689F6 /* Pods-ChatSecurePushExample.release.xcconfig */ = {isa = PBXFileReference; includeInIndex = 1; lastKnownFileType = text.xcconfig; name = "Pods-ChatSecurePushExample.release.xcconfig"; path = "Pods/Target Support Files/Pods-ChatSecurePushExample/Pods-ChatSecurePushExample.release.xcconfig"; sourceTree = "<group>"; };
		9CC6F167DC8136D21C3A7EE9 /* Pods_ChatSecurePushExampleTests.framework */ = {isa = PBXFileReference; explicitFileType = wrapper.framework; includeInIndex = 0; path = Pods_ChatSecurePushExampleTests.framework; sourceTree = BUILT_PRODUCTS_DIR; };
		A65AB8FFC01D302231BE3B43 /* Pods_ChatSecurePushExample.framework */ = {isa = PBXFileReference; explicitFileType = wrapper.framework; includeInIndex = 0; path = Pods_ChatSecurePushExample.framework; sourceTree = BUILT_PRODUCTS_DIR; };
		E2D649C3FAACCE12A4DC1C88 /* Pods-ChatSecurePushExampleTests.release.xcconfig */ = {isa = PBXFileReference; includeInIndex = 1; lastKnownFileType = text.xcconfig; name = "Pods-ChatSecurePushExampleTests.release.xcconfig"; path = "Pods/Target Support Files/Pods-ChatSecurePushExampleTests/Pods-ChatSecurePushExampleTests.release.xcconfig"; sourceTree = "<group>"; };
		E45F6CD065C806750B98234F /* Pods-ChatSecurePushExampleTests.debug.xcconfig */ = {isa = PBXFileReference; includeInIndex = 1; lastKnownFileType = text.xcconfig; name = "Pods-ChatSecurePushExampleTests.debug.xcconfig"; path = "Pods/Target Support Files/Pods-ChatSecurePushExampleTests/Pods-ChatSecurePushExampleTests.debug.xcconfig"; sourceTree = "<group>"; };
/* End PBXFileReference section */

/* Begin PBXFrameworksBuildPhase section */
		638C25271B4C43D600AB62CB /* Frameworks */ = {
			isa = PBXFrameworksBuildPhase;
			buildActionMask = 2147483647;
			files = (
				1D4733280727E079624C37B8 /* Pods_ChatSecurePushExample.framework in Frameworks */,
			);
			runOnlyForDeploymentPostprocessing = 0;
		};
		638C253C1B4C43D600AB62CB /* Frameworks */ = {
			isa = PBXFrameworksBuildPhase;
			buildActionMask = 2147483647;
			files = (
				E3AC63CFEE60D4886E082B2D /* Pods_ChatSecurePushExampleTests.framework in Frameworks */,
			);
			runOnlyForDeploymentPostprocessing = 0;
		};
/* End PBXFrameworksBuildPhase section */

/* Begin PBXGroup section */
		4360F2354362F7043C5F22D5 /* Pods */ = {
			isa = PBXGroup;
			children = (
				1E518B8D8689CA093E280953 /* Pods-ChatSecurePushExample.debug.xcconfig */,
				985A1CBBB5BE48DD94C689F6 /* Pods-ChatSecurePushExample.release.xcconfig */,
				E45F6CD065C806750B98234F /* Pods-ChatSecurePushExampleTests.debug.xcconfig */,
				E2D649C3FAACCE12A4DC1C88 /* Pods-ChatSecurePushExampleTests.release.xcconfig */,
			);
			name = Pods;
			sourceTree = "<group>";
		};
		638C25211B4C43D600AB62CB = {
			isa = PBXGroup;
			children = (
				638C252C1B4C43D600AB62CB /* ChatSecurePushExample */,
				638C25421B4C43D600AB62CB /* ChatSecurePushExampleTests */,
				638C252B1B4C43D600AB62CB /* Products */,
				4360F2354362F7043C5F22D5 /* Pods */,
				E875A4BF17D91C35DE8A44A1 /* Frameworks */,
			);
			sourceTree = "<group>";
		};
		638C252B1B4C43D600AB62CB /* Products */ = {
			isa = PBXGroup;
			children = (
				638C252A1B4C43D600AB62CB /* ChatSecurePushExample.app */,
				638C253F1B4C43D600AB62CB /* ChatSecurePushExampleTests.xctest */,
			);
			name = Products;
			sourceTree = "<group>";
		};
		638C252C1B4C43D600AB62CB /* ChatSecurePushExample */ = {
			isa = PBXGroup;
			children = (
				638C252F1B4C43D600AB62CB /* AppDelegate.swift */,
				638C25311B4C43D600AB62CB /* ViewController.swift */,
				637BAEB91B5ED005007CC92A /* AccountDetailViewController.swift */,
				638C25331B4C43D600AB62CB /* Main.storyboard */,
				638C25361B4C43D600AB62CB /* Images.xcassets */,
				638C25381B4C43D600AB62CB /* LaunchScreen.xib */,
				638C252D1B4C43D600AB62CB /* Supporting Files */,
			);
			path = ChatSecurePushExample;
			sourceTree = "<group>";
		};
		638C252D1B4C43D600AB62CB /* Supporting Files */ = {
			isa = PBXGroup;
			children = (
				638C252E1B4C43D600AB62CB /* Info.plist */,
			);
			name = "Supporting Files";
			sourceTree = "<group>";
		};
		638C25421B4C43D600AB62CB /* ChatSecurePushExampleTests */ = {
			isa = PBXGroup;
			children = (
				638C25451B4C43D600AB62CB /* ChatSecurePushExampleTests.swift */,
				638C255B1B4C7BB300AB62CB /* URLMockSetup.swift */,
				63F6DBE01B97AF6E0079E295 /* TestObjects.swift */,
				638C25431B4C43D600AB62CB /* Supporting Files */,
				638C255A1B4C771000AB62CB /* ChatSecurePushExampleTests-header.h */,
			);
			path = ChatSecurePushExampleTests;
			sourceTree = "<group>";
		};
		638C25431B4C43D600AB62CB /* Supporting Files */ = {
			isa = PBXGroup;
			children = (
				638C25441B4C43D600AB62CB /* Info.plist */,
			);
			name = "Supporting Files";
			sourceTree = "<group>";
		};
		E875A4BF17D91C35DE8A44A1 /* Frameworks */ = {
			isa = PBXGroup;
			children = (
				A65AB8FFC01D302231BE3B43 /* Pods_ChatSecurePushExample.framework */,
				9CC6F167DC8136D21C3A7EE9 /* Pods_ChatSecurePushExampleTests.framework */,
			);
			name = Frameworks;
			sourceTree = "<group>";
		};
/* End PBXGroup section */

/* Begin PBXNativeTarget section */
		638C25291B4C43D600AB62CB /* ChatSecurePushExample */ = {
			isa = PBXNativeTarget;
			buildConfigurationList = 638C25491B4C43D600AB62CB /* Build configuration list for PBXNativeTarget "ChatSecurePushExample" */;
			buildPhases = (
				902BB9ABD51F1528F455D798 /* [CP] Check Pods Manifest.lock */,
				638C25261B4C43D600AB62CB /* Sources */,
				638C25271B4C43D600AB62CB /* Frameworks */,
				638C25281B4C43D600AB62CB /* Resources */,
				D0C0AF764E8720E1D8CFB06F /* [CP] Embed Pods Frameworks */,
			);
			buildRules = (
			);
			dependencies = (
			);
			name = ChatSecurePushExample;
			productName = ChatSecurePushExample;
			productReference = 638C252A1B4C43D600AB62CB /* ChatSecurePushExample.app */;
			productType = "com.apple.product-type.application";
		};
		638C253E1B4C43D600AB62CB /* ChatSecurePushExampleTests */ = {
			isa = PBXNativeTarget;
			buildConfigurationList = 638C254C1B4C43D600AB62CB /* Build configuration list for PBXNativeTarget "ChatSecurePushExampleTests" */;
			buildPhases = (
				07E94FAF11E9853F4A3F4553 /* [CP] Check Pods Manifest.lock */,
				638C253B1B4C43D600AB62CB /* Sources */,
				638C253C1B4C43D600AB62CB /* Frameworks */,
				638C253D1B4C43D600AB62CB /* Resources */,
				550F298DF95A134E14C6F6DE /* [CP] Embed Pods Frameworks */,
			);
			buildRules = (
			);
			dependencies = (
				638C25411B4C43D600AB62CB /* PBXTargetDependency */,
			);
			name = ChatSecurePushExampleTests;
			productName = ChatSecurePushExampleTests;
			productReference = 638C253F1B4C43D600AB62CB /* ChatSecurePushExampleTests.xctest */;
			productType = "com.apple.product-type.bundle.unit-test";
		};
/* End PBXNativeTarget section */

/* Begin PBXProject section */
		638C25221B4C43D600AB62CB /* Project object */ = {
			isa = PBXProject;
			attributes = {
				LastSwiftMigration = 0700;
				LastSwiftUpdateCheck = 0700;
				LastUpgradeCheck = 1010;
				ORGANIZATIONNAME = "David Chiles";
				TargetAttributes = {
					638C25291B4C43D600AB62CB = {
						CreatedOnToolsVersion = 6.4;
						LastSwiftMigration = 1020;
						SystemCapabilities = {
							com.apple.BackgroundModes = {
								enabled = 1;
							};
						};
					};
					638C253E1B4C43D600AB62CB = {
						CreatedOnToolsVersion = 6.4;
						LastSwiftMigration = 1020;
						TestTargetID = 638C25291B4C43D600AB62CB;
					};
				};
			};
			buildConfigurationList = 638C25251B4C43D600AB62CB /* Build configuration list for PBXProject "ChatSecurePushExample" */;
			compatibilityVersion = "Xcode 3.2";
			developmentRegion = en;
			hasScannedForEncodings = 0;
			knownRegions = (
				en,
				Base,
			);
			mainGroup = 638C25211B4C43D600AB62CB;
			productRefGroup = 638C252B1B4C43D600AB62CB /* Products */;
			projectDirPath = "";
			projectRoot = "";
			targets = (
				638C25291B4C43D600AB62CB /* ChatSecurePushExample */,
				638C253E1B4C43D600AB62CB /* ChatSecurePushExampleTests */,
			);
		};
/* End PBXProject section */

/* Begin PBXResourcesBuildPhase section */
		638C25281B4C43D600AB62CB /* Resources */ = {
			isa = PBXResourcesBuildPhase;
			buildActionMask = 2147483647;
			files = (
				638C25351B4C43D600AB62CB /* Main.storyboard in Resources */,
				638C253A1B4C43D600AB62CB /* LaunchScreen.xib in Resources */,
				638C25371B4C43D600AB62CB /* Images.xcassets in Resources */,
			);
			runOnlyForDeploymentPostprocessing = 0;
		};
		638C253D1B4C43D600AB62CB /* Resources */ = {
			isa = PBXResourcesBuildPhase;
			buildActionMask = 2147483647;
			files = (
			);
			runOnlyForDeploymentPostprocessing = 0;
		};
/* End PBXResourcesBuildPhase section */

/* Begin PBXShellScriptBuildPhase section */
		07E94FAF11E9853F4A3F4553 /* [CP] Check Pods Manifest.lock */ = {
			isa = PBXShellScriptBuildPhase;
			buildActionMask = 2147483647;
			files = (
			);
			inputPaths = (
				"${PODS_PODFILE_DIR_PATH}/Podfile.lock",
				"${PODS_ROOT}/Manifest.lock",
			);
			name = "[CP] Check Pods Manifest.lock";
			outputPaths = (
				"$(DERIVED_FILE_DIR)/Pods-ChatSecurePushExampleTests-checkManifestLockResult.txt",
			);
			runOnlyForDeploymentPostprocessing = 0;
			shellPath = /bin/sh;
			shellScript = "diff \"${PODS_PODFILE_DIR_PATH}/Podfile.lock\" \"${PODS_ROOT}/Manifest.lock\" > /dev/null\nif [ $? != 0 ] ; then\n    # print error to STDERR\n    echo \"error: The sandbox is not in sync with the Podfile.lock. Run 'pod install' or update your CocoaPods installation.\" >&2\n    exit 1\nfi\n# This output is used by Xcode 'outputs' to avoid re-running this script phase.\necho \"SUCCESS\" > \"${SCRIPT_OUTPUT_FILE_0}\"\n";
			showEnvVarsInLog = 0;
		};
		550F298DF95A134E14C6F6DE /* [CP] Embed Pods Frameworks */ = {
			isa = PBXShellScriptBuildPhase;
			buildActionMask = 2147483647;
			files = (
			);
			inputPaths = (
				"${PODS_ROOT}/Target Support Files/Pods-ChatSecurePushExampleTests/Pods-ChatSecurePushExampleTests-frameworks.sh",
				"${BUILT_PRODUCTS_DIR}/ChatSecure-Push-iOS/ChatSecure_Push_iOS.framework",
				"${BUILT_PRODUCTS_DIR}/SOCKit/SOCKit.framework",
				"${BUILT_PRODUCTS_DIR}/URLMock/URLMock.framework",
			);
			name = "[CP] Embed Pods Frameworks";
			outputPaths = (
				"${TARGET_BUILD_DIR}/${FRAMEWORKS_FOLDER_PATH}/ChatSecure_Push_iOS.framework",
				"${TARGET_BUILD_DIR}/${FRAMEWORKS_FOLDER_PATH}/SOCKit.framework",
				"${TARGET_BUILD_DIR}/${FRAMEWORKS_FOLDER_PATH}/URLMock.framework",
			);
			runOnlyForDeploymentPostprocessing = 0;
			shellPath = /bin/sh;
			shellScript = "\"${PODS_ROOT}/Target Support Files/Pods-ChatSecurePushExampleTests/Pods-ChatSecurePushExampleTests-frameworks.sh\"\n";
			showEnvVarsInLog = 0;
		};
		902BB9ABD51F1528F455D798 /* [CP] Check Pods Manifest.lock */ = {
			isa = PBXShellScriptBuildPhase;
			buildActionMask = 2147483647;
			files = (
			);
			inputPaths = (
				"${PODS_PODFILE_DIR_PATH}/Podfile.lock",
				"${PODS_ROOT}/Manifest.lock",
			);
			name = "[CP] Check Pods Manifest.lock";
			outputPaths = (
				"$(DERIVED_FILE_DIR)/Pods-ChatSecurePushExample-checkManifestLockResult.txt",
			);
			runOnlyForDeploymentPostprocessing = 0;
			shellPath = /bin/sh;
			shellScript = "diff \"${PODS_PODFILE_DIR_PATH}/Podfile.lock\" \"${PODS_ROOT}/Manifest.lock\" > /dev/null\nif [ $? != 0 ] ; then\n    # print error to STDERR\n    echo \"error: The sandbox is not in sync with the Podfile.lock. Run 'pod install' or update your CocoaPods installation.\" >&2\n    exit 1\nfi\n# This output is used by Xcode 'outputs' to avoid re-running this script phase.\necho \"SUCCESS\" > \"${SCRIPT_OUTPUT_FILE_0}\"\n";
			showEnvVarsInLog = 0;
		};
		D0C0AF764E8720E1D8CFB06F /* [CP] Embed Pods Frameworks */ = {
			isa = PBXShellScriptBuildPhase;
			buildActionMask = 2147483647;
			files = (
			);
			inputPaths = (
				"${PODS_ROOT}/Target Support Files/Pods-ChatSecurePushExample/Pods-ChatSecurePushExample-frameworks.sh",
				"${BUILT_PRODUCTS_DIR}/ChatSecure-Push-iOS/ChatSecure_Push_iOS.framework",
			);
			name = "[CP] Embed Pods Frameworks";
			outputPaths = (
				"${TARGET_BUILD_DIR}/${FRAMEWORKS_FOLDER_PATH}/ChatSecure_Push_iOS.framework",
			);
			runOnlyForDeploymentPostprocessing = 0;
			shellPath = /bin/sh;
			shellScript = "\"${PODS_ROOT}/Target Support Files/Pods-ChatSecurePushExample/Pods-ChatSecurePushExample-frameworks.sh\"\n";
			showEnvVarsInLog = 0;
		};
/* End PBXShellScriptBuildPhase section */

/* Begin PBXSourcesBuildPhase section */
		638C25261B4C43D600AB62CB /* Sources */ = {
			isa = PBXSourcesBuildPhase;
			buildActionMask = 2147483647;
			files = (
				637BAEBA1B5ED006007CC92A /* AccountDetailViewController.swift in Sources */,
				638C25321B4C43D600AB62CB /* ViewController.swift in Sources */,
				638C25301B4C43D600AB62CB /* AppDelegate.swift in Sources */,
			);
			runOnlyForDeploymentPostprocessing = 0;
		};
		638C253B1B4C43D600AB62CB /* Sources */ = {
			isa = PBXSourcesBuildPhase;
			buildActionMask = 2147483647;
			files = (
				638C25461B4C43D600AB62CB /* ChatSecurePushExampleTests.swift in Sources */,
				638C255C1B4C7BB300AB62CB /* URLMockSetup.swift in Sources */,
				63F6DBE11B97AF6E0079E295 /* TestObjects.swift in Sources */,
			);
			runOnlyForDeploymentPostprocessing = 0;
		};
/* End PBXSourcesBuildPhase section */

/* Begin PBXTargetDependency section */
		638C25411B4C43D600AB62CB /* PBXTargetDependency */ = {
			isa = PBXTargetDependency;
			target = 638C25291B4C43D600AB62CB /* ChatSecurePushExample */;
			targetProxy = 638C25401B4C43D600AB62CB /* PBXContainerItemProxy */;
		};
/* End PBXTargetDependency section */

/* Begin PBXVariantGroup section */
		638C25331B4C43D600AB62CB /* Main.storyboard */ = {
			isa = PBXVariantGroup;
			children = (
				638C25341B4C43D600AB62CB /* Base */,
			);
			name = Main.storyboard;
			sourceTree = "<group>";
		};
		638C25381B4C43D600AB62CB /* LaunchScreen.xib */ = {
			isa = PBXVariantGroup;
			children = (
				638C25391B4C43D600AB62CB /* Base */,
			);
			name = LaunchScreen.xib;
			sourceTree = "<group>";
		};
/* End PBXVariantGroup section */

/* Begin XCBuildConfiguration section */
		638C25471B4C43D600AB62CB /* Debug */ = {
			isa = XCBuildConfiguration;
			buildSettings = {
				ALWAYS_SEARCH_USER_PATHS = NO;
				CLANG_CXX_LANGUAGE_STANDARD = "gnu++0x";
				CLANG_CXX_LIBRARY = "libc++";
				CLANG_ENABLE_MODULES = YES;
				CLANG_ENABLE_OBJC_ARC = YES;
				CLANG_WARN_BLOCK_CAPTURE_AUTORELEASING = YES;
				CLANG_WARN_BOOL_CONVERSION = YES;
				CLANG_WARN_COMMA = YES;
				CLANG_WARN_CONSTANT_CONVERSION = YES;
				CLANG_WARN_DEPRECATED_OBJC_IMPLEMENTATIONS = YES;
				CLANG_WARN_DIRECT_OBJC_ISA_USAGE = YES_ERROR;
				CLANG_WARN_EMPTY_BODY = YES;
				CLANG_WARN_ENUM_CONVERSION = YES;
				CLANG_WARN_INFINITE_RECURSION = YES;
				CLANG_WARN_INT_CONVERSION = YES;
				CLANG_WARN_NON_LITERAL_NULL_CONVERSION = YES;
				CLANG_WARN_OBJC_IMPLICIT_RETAIN_SELF = YES;
				CLANG_WARN_OBJC_LITERAL_CONVERSION = YES;
				CLANG_WARN_OBJC_ROOT_CLASS = YES_ERROR;
				CLANG_WARN_RANGE_LOOP_ANALYSIS = YES;
				CLANG_WARN_STRICT_PROTOTYPES = YES;
				CLANG_WARN_SUSPICIOUS_MOVE = YES;
				CLANG_WARN_UNREACHABLE_CODE = YES;
				CLANG_WARN__DUPLICATE_METHOD_MATCH = YES;
				"CODE_SIGN_IDENTITY[sdk=iphoneos*]" = "iPhone Developer";
				COPY_PHASE_STRIP = NO;
				DEBUG_INFORMATION_FORMAT = "dwarf-with-dsym";
				ENABLE_STRICT_OBJC_MSGSEND = YES;
				ENABLE_TESTABILITY = YES;
				GCC_C_LANGUAGE_STANDARD = gnu99;
				GCC_DYNAMIC_NO_PIC = NO;
				GCC_NO_COMMON_BLOCKS = YES;
				GCC_OPTIMIZATION_LEVEL = 0;
				GCC_PREPROCESSOR_DEFINITIONS = (
					"DEBUG=1",
					"$(inherited)",
				);
				GCC_SYMBOLS_PRIVATE_EXTERN = NO;
				GCC_WARN_64_TO_32_BIT_CONVERSION = YES;
				GCC_WARN_ABOUT_RETURN_TYPE = YES_ERROR;
				GCC_WARN_UNDECLARED_SELECTOR = YES;
				GCC_WARN_UNINITIALIZED_AUTOS = YES_AGGRESSIVE;
				GCC_WARN_UNUSED_FUNCTION = YES;
				GCC_WARN_UNUSED_VARIABLE = YES;
				IPHONEOS_DEPLOYMENT_TARGET = 8.4;
				MTL_ENABLE_DEBUG_INFO = YES;
				ONLY_ACTIVE_ARCH = YES;
				SDKROOT = iphoneos;
				SWIFT_OPTIMIZATION_LEVEL = "-Onone";
				SWIFT_VERSION = 5.0;
				TARGETED_DEVICE_FAMILY = "1,2";
			};
			name = Debug;
		};
		638C25481B4C43D600AB62CB /* Release */ = {
			isa = XCBuildConfiguration;
			buildSettings = {
				ALWAYS_SEARCH_USER_PATHS = NO;
				CLANG_CXX_LANGUAGE_STANDARD = "gnu++0x";
				CLANG_CXX_LIBRARY = "libc++";
				CLANG_ENABLE_MODULES = YES;
				CLANG_ENABLE_OBJC_ARC = YES;
				CLANG_WARN_BLOCK_CAPTURE_AUTORELEASING = YES;
				CLANG_WARN_BOOL_CONVERSION = YES;
				CLANG_WARN_COMMA = YES;
				CLANG_WARN_CONSTANT_CONVERSION = YES;
				CLANG_WARN_DEPRECATED_OBJC_IMPLEMENTATIONS = YES;
				CLANG_WARN_DIRECT_OBJC_ISA_USAGE = YES_ERROR;
				CLANG_WARN_EMPTY_BODY = YES;
				CLANG_WARN_ENUM_CONVERSION = YES;
				CLANG_WARN_INFINITE_RECURSION = YES;
				CLANG_WARN_INT_CONVERSION = YES;
				CLANG_WARN_NON_LITERAL_NULL_CONVERSION = YES;
				CLANG_WARN_OBJC_IMPLICIT_RETAIN_SELF = YES;
				CLANG_WARN_OBJC_LITERAL_CONVERSION = YES;
				CLANG_WARN_OBJC_ROOT_CLASS = YES_ERROR;
				CLANG_WARN_RANGE_LOOP_ANALYSIS = YES;
				CLANG_WARN_STRICT_PROTOTYPES = YES;
				CLANG_WARN_SUSPICIOUS_MOVE = YES;
				CLANG_WARN_UNREACHABLE_CODE = YES;
				CLANG_WARN__DUPLICATE_METHOD_MATCH = YES;
				"CODE_SIGN_IDENTITY[sdk=iphoneos*]" = "iPhone Developer";
				COPY_PHASE_STRIP = NO;
				DEBUG_INFORMATION_FORMAT = "dwarf-with-dsym";
				ENABLE_NS_ASSERTIONS = NO;
				ENABLE_STRICT_OBJC_MSGSEND = YES;
				GCC_C_LANGUAGE_STANDARD = gnu99;
				GCC_NO_COMMON_BLOCKS = YES;
				GCC_WARN_64_TO_32_BIT_CONVERSION = YES;
				GCC_WARN_ABOUT_RETURN_TYPE = YES_ERROR;
				GCC_WARN_UNDECLARED_SELECTOR = YES;
				GCC_WARN_UNINITIALIZED_AUTOS = YES_AGGRESSIVE;
				GCC_WARN_UNUSED_FUNCTION = YES;
				GCC_WARN_UNUSED_VARIABLE = YES;
				IPHONEOS_DEPLOYMENT_TARGET = 8.4;
				MTL_ENABLE_DEBUG_INFO = NO;
				SDKROOT = iphoneos;
				SWIFT_OPTIMIZATION_LEVEL = "-Owholemodule";
				SWIFT_VERSION = 5.0;
				TARGETED_DEVICE_FAMILY = "1,2";
				VALIDATE_PRODUCT = YES;
			};
			name = Release;
		};
		638C254A1B4C43D600AB62CB /* Debug */ = {
			isa = XCBuildConfiguration;
			baseConfigurationReference = 1E518B8D8689CA093E280953 /* Pods-ChatSecurePushExample.debug.xcconfig */;
			buildSettings = {
				ASSETCATALOG_COMPILER_APPICON_NAME = AppIcon;
				CODE_SIGN_IDENTITY = "iPhone Developer";
				"CODE_SIGN_IDENTITY[sdk=iphoneos*]" = "iPhone Developer";
				DEVELOPMENT_TEAM = "";
				INFOPLIST_FILE = ChatSecurePushExample/Info.plist;
				LD_RUNPATH_SEARCH_PATHS = "$(inherited) @executable_path/Frameworks";
				PRODUCT_BUNDLE_IDENTIFIER = "com.davidchiles.$(PRODUCT_NAME:rfc1034identifier)";
				PRODUCT_NAME = "$(TARGET_NAME)";
				PROVISIONING_PROFILE = "";
			};
			name = Debug;
		};
		638C254B1B4C43D600AB62CB /* Release */ = {
			isa = XCBuildConfiguration;
			baseConfigurationReference = 985A1CBBB5BE48DD94C689F6 /* Pods-ChatSecurePushExample.release.xcconfig */;
			buildSettings = {
				ASSETCATALOG_COMPILER_APPICON_NAME = AppIcon;
				CODE_SIGN_IDENTITY = "iPhone Developer";
				"CODE_SIGN_IDENTITY[sdk=iphoneos*]" = "iPhone Developer";
				DEVELOPMENT_TEAM = "";
				INFOPLIST_FILE = ChatSecurePushExample/Info.plist;
				LD_RUNPATH_SEARCH_PATHS = "$(inherited) @executable_path/Frameworks";
				PRODUCT_BUNDLE_IDENTIFIER = "com.davidchiles.$(PRODUCT_NAME:rfc1034identifier)";
				PRODUCT_NAME = "$(TARGET_NAME)";
				PROVISIONING_PROFILE = "";
			};
			name = Release;
		};
		638C254D1B4C43D600AB62CB /* Debug */ = {
			isa = XCBuildConfiguration;
			baseConfigurationReference = E45F6CD065C806750B98234F /* Pods-ChatSecurePushExampleTests.debug.xcconfig */;
			buildSettings = {
				BUNDLE_LOADER = "$(TEST_HOST)";
				GCC_PREPROCESSOR_DEFINITIONS = (
					"DEBUG=1",
					"$(inherited)",
				);
				INFOPLIST_FILE = ChatSecurePushExampleTests/Info.plist;
				LD_RUNPATH_SEARCH_PATHS = "$(inherited) @executable_path/Frameworks @loader_path/Frameworks";
				PRODUCT_BUNDLE_IDENTIFIER = "com.davidchiles.$(PRODUCT_NAME:rfc1034identifier)";
				PRODUCT_NAME = "$(TARGET_NAME)";
				SWIFT_OBJC_BRIDGING_HEADER = "ChatSecurePushExampleTests/ChatSecurePushExampleTests-header.h";
				TEST_HOST = "$(BUILT_PRODUCTS_DIR)/ChatSecurePushExample.app/ChatSecurePushExample";
			};
			name = Debug;
		};
		638C254E1B4C43D600AB62CB /* Release */ = {
			isa = XCBuildConfiguration;
			baseConfigurationReference = E2D649C3FAACCE12A4DC1C88 /* Pods-ChatSecurePushExampleTests.release.xcconfig */;
			buildSettings = {
				BUNDLE_LOADER = "$(TEST_HOST)";
				INFOPLIST_FILE = ChatSecurePushExampleTests/Info.plist;
				LD_RUNPATH_SEARCH_PATHS = "$(inherited) @executable_path/Frameworks @loader_path/Frameworks";
				PRODUCT_BUNDLE_IDENTIFIER = "com.davidchiles.$(PRODUCT_NAME:rfc1034identifier)";
				PRODUCT_NAME = "$(TARGET_NAME)";
				SWIFT_OBJC_BRIDGING_HEADER = "ChatSecurePushExampleTests/ChatSecurePushExampleTests-header.h";
				TEST_HOST = "$(BUILT_PRODUCTS_DIR)/ChatSecurePushExample.app/ChatSecurePushExample";
			};
			name = Release;
		};
/* End XCBuildConfiguration section */

/* Begin XCConfigurationList section */
		638C25251B4C43D600AB62CB /* Build configuration list for PBXProject "ChatSecurePushExample" */ = {
			isa = XCConfigurationList;
			buildConfigurations = (
				638C25471B4C43D600AB62CB /* Debug */,
				638C25481B4C43D600AB62CB /* Release */,
			);
			defaultConfigurationIsVisible = 0;
			defaultConfigurationName = Release;
		};
		638C25491B4C43D600AB62CB /* Build configuration list for PBXNativeTarget "ChatSecurePushExample" */ = {
			isa = XCConfigurationList;
			buildConfigurations = (
				638C254A1B4C43D600AB62CB /* Debug */,
				638C254B1B4C43D600AB62CB /* Release */,
			);
			defaultConfigurationIsVisible = 0;
			defaultConfigurationName = Release;
		};
		638C254C1B4C43D600AB62CB /* Build configuration list for PBXNativeTarget "ChatSecurePushExampleTests" */ = {
			isa = XCConfigurationList;
			buildConfigurations = (
				638C254D1B4C43D600AB62CB /* Debug */,
				638C254E1B4C43D600AB62CB /* Release */,
			);
			defaultConfigurationIsVisible = 0;
			defaultConfigurationName = Release;
		};
/* End XCConfigurationList section */
	};
	rootObject = 638C25221B4C43D600AB62CB /* Project object */;
}
